# THIS IS AN AUTOGENERATED FILE. DO NOT EDIT THIS FILE DIRECTLY.
# yarn lockfile v1


"@rdfjs/data-model@^1.0.1", "@rdfjs/data-model@^1.1.0", "@rdfjs/data-model@^1.1.1", "@rdfjs/data-model@^1.1.2":
  version "1.2.0"
  resolved "https://registry.yarnpkg.com/@rdfjs/data-model/-/data-model-1.2.0.tgz#1daa39f26d48e0ec4d6a60fc4150db7d7ef1bab2"
  integrity sha512-6ITWcu2sr9zJqXUPDm1XJ8DRpea7PotWBIkTzuO1MCSruLOWH2ICoQOAtlJy30cT+GqH9oAQKPR+CHXejsdizA==
  dependencies:
    "@types/rdf-js" "*"

"@rdfjs/namespace@^1.0.0", "@rdfjs/namespace@^1.1.0":
  version "1.1.0"
  resolved "https://registry.yarnpkg.com/@rdfjs/namespace/-/namespace-1.1.0.tgz#869cb9a9f37c4ab4c0a03b603baeb0b95487609f"
  integrity sha512-utO5rtaOKxk8B90qzaQ0N+J5WrCI28DtfAY/zExCmXE7cOfC5uRI/oMKbLaVEPj2P7uArekt/T4IPATtj7Tjug==
  dependencies:
    "@rdfjs/data-model" "^1.1.0"

"@rdfjs/parser-n3@^1.1.3":
  version "1.1.4"
  resolved "https://registry.yarnpkg.com/@rdfjs/parser-n3/-/parser-n3-1.1.4.tgz#7f8844c8a2fc62e7d1e40d7daf99a1af025a451d"
  integrity sha512-PUKSNlfD2Zq3GcQZuOF2ndfrLbc+N96FUe2gNIzARlR2er0BcOHBHEFUJvVGg1Xmsg3hVKwfg0nwn1JZ7qKKMw==
  dependencies:
    "@rdfjs/data-model" "^1.0.1"
    "@rdfjs/sink" "^1.0.2"
    n3 "^1.3.5"
    readable-stream "^3.6.0"
    readable-to-readable "^0.1.0"

"@rdfjs/sink@^1.0.2":
  version "1.0.3"
  resolved "https://registry.yarnpkg.com/@rdfjs/sink/-/sink-1.0.3.tgz#cdbb4ecf0ff34e6ad6c301a5bc221508c820568c"
  integrity sha512-2KfYa8mAnptRNeogxhQqkWNXqfYVWO04jQThtXKepySrIwYmz83+WlevQtA4VDLFe+kFd2TwgL29ekPe5XVUfA==

"@rdfjs/term-map@^1.0.0":
  version "1.0.0"
  resolved "https://registry.yarnpkg.com/@rdfjs/term-map/-/term-map-1.0.0.tgz#97e8735f4e99c522099fabeacf73b0de94597452"
  integrity sha512-xv0trp4DVZigpa8CAifrb0Py1pf07h3PjqRXhXEyM9+UPPoQhczQjYPxx5a+j4U1JQzwfD8vfpfFaveVrKJOSw==
  dependencies:
    "@rdfjs/to-ntriples" "^1.0.2"

"@rdfjs/term-set@^1.0.1":
  version "1.0.1"
  resolved "https://registry.yarnpkg.com/@rdfjs/term-set/-/term-set-1.0.1.tgz#f753f37c495e85ab91e62ec93ab7c6adea4b507b"
  integrity sha512-7+pSdm8R1nhSyP1xEqcQYFTARD/2iLr98tiAsSUfykCg0T0LrZ6j/3EEKmcKTWLMazMA9deRfmjPvzqMFwLBig==
  dependencies:
    "@rdfjs/to-ntriples" "^1.0.2"

"@rdfjs/to-ntriples@^1.0.1", "@rdfjs/to-ntriples@^1.0.2":
  version "1.0.2"
  resolved "https://registry.yarnpkg.com/@rdfjs/to-ntriples/-/to-ntriples-1.0.2.tgz#c2fe8f6e8d8010c2315c0a816d1cd42a4447965e"
  integrity sha512-ngw5XAaGHjgGiwWWBPGlfdCclHftonmbje5lMys4G2j4NvfExraPIuRZgjSnd5lg4dnulRVUll8tRbgKO+7EDA==

"@types/node@*":
  version "14.14.22"
  resolved "https://registry.yarnpkg.com/@types/node/-/node-14.14.22.tgz#0d29f382472c4ccf3bd96ff0ce47daf5b7b84b18"
  integrity sha512-g+f/qj/cNcqKkc3tFqlXOYjrmZA+jNBiDzbP3kH+B+otKFqAdPgVTGP1IeKRdMml/aE69as5S4FqtxAbl+LaMw==

"@types/rdf-js@*":
  version "4.0.1"
  resolved "https://registry.yarnpkg.com/@types/rdf-js/-/rdf-js-4.0.1.tgz#bf89dfc080e292f06273f059b3a82e5e69fec4c0"
  integrity sha512-S+28+3RoFI+3arls7dS813gYnhb2HiyLX+gs00rgIvCzHU93DaYajhx4tyT+XEO8SjtzZw90OF4OVdYXBwbvkQ==
  dependencies:
    "@types/node" "*"

buffer-from@^1.0.0:
  version "1.1.1"
  resolved "https://registry.yarnpkg.com/buffer-from/-/buffer-from-1.1.1.tgz#32713bc028f75c02fdb710d7c7bcec1f2c6070ef"
  integrity sha512-MQcXEUbCKtEo7bhqEs6560Hyd4XaovZlO/k9V3hjVUF/zwW7KBVdSK4gIt/bzwS9MbR5qob+F5jusZsb0YQK2A==

clownface@^1.0.0:
  version "1.2.0"
  resolved "https://registry.yarnpkg.com/clownface/-/clownface-1.2.0.tgz#a53139e3c2bcc8638d7eb0c339ac31fa3ed12255"
  integrity sha512-01iluBG+GPzFFFvFPhZxuWf8gU8mQVdm6gkvI71xl4fJyJSX7VpX3US4LbMC+0D6+KK75C+Q9AFtYpzv3fKvmg==
  dependencies:
    "@rdfjs/data-model" "^1.1.0"
    "@rdfjs/namespace" "^1.0.0"

commander@^5.1.0:
  version "5.1.0"
  resolved "https://registry.yarnpkg.com/commander/-/commander-5.1.0.tgz#46abbd1652f8e059bddaef99bbdcb2ad9cf179ae"
  integrity sha512-P0CysNDQ7rtVw4QIQtm+MRxV66vKFSvlsQvGYXZWR3qFU0jlMKHZZZgw8e+8DSah4UDKMqnknRDQz+xuQXQ/Zg==

concat-stream@^1.6.0:
  version "1.6.2"
  resolved "https://registry.yarnpkg.com/concat-stream/-/concat-stream-1.6.2.tgz#904bdf194cd3122fc675c77fc4ac3d4ff0fd1a34"
  integrity sha512-27HBghJxjiZtIk3Ycvn/4kbJk/1uZuJFfuPEns6LaEvpvG1f0hTea8lilrouyo9mVc2GWdcEZ8OLoGmSADlrCw==
  dependencies:
    buffer-from "^1.0.0"
    inherits "^2.0.3"
    readable-stream "^2.2.2"
    typedarray "^0.0.6"

core-util-is@~1.0.0:
  version "1.0.2"
  resolved "https://registry.yarnpkg.com/core-util-is/-/core-util-is-1.0.2.tgz#b5fd54220aa2bc5ab57aab7140c940754503c1a7"
  integrity sha1-tf1UIgqivFq1eqtxQMlAdUUDwac=

cors@^2.8.5:
  version "2.8.5"
  resolved "https://registry.yarnpkg.com/cors/-/cors-2.8.5.tgz#eac11da51592dd86b9f06f6e7ac293b3df875d29"
  integrity sha512-KIHbLJqu73RGr/hnbrO9uBeixNGuvSQjul/jdFvS/KFSIH1hWVd1ng7zOHx+YrEfInLG7q4n6GHQ9cDtxv/P6g==
  dependencies:
    object-assign "^4"
    vary "^1"

cross-fetch@^3.0.4:
  version "3.0.6"
  resolved "https://registry.yarnpkg.com/cross-fetch/-/cross-fetch-3.0.6.tgz#3a4040bc8941e653e0e9cf17f29ebcd177d3365c"
  integrity sha512-KBPUbqgFjzWlVcURG+Svp9TlhA5uliYtiNx/0r8nv0pdypeQCRJ9IaSIc3q/x3q8t3F75cHuwxVql1HFGHCNJQ==
  dependencies:
    node-fetch "2.6.1"

end-of-stream@^1.1.0:
  version "1.4.4"
  resolved "https://registry.yarnpkg.com/end-of-stream/-/end-of-stream-1.4.4.tgz#5ae64a5f45057baf3626ec14da0ca5e4b2431eb0"
  integrity sha512-+uw1inIHVPQoaVuHzRyXd21icM+cnt4CzD5rW+NC1wjOUSTOs+Te7FOv7AhN7vS9x/oIyhLP5PR1H+phQAHu5Q==
  dependencies:
    once "^1.4.0"

get-stream@^5.1.0:
  version "5.2.0"
  resolved "https://registry.yarnpkg.com/get-stream/-/get-stream-5.2.0.tgz#4966a1795ee5ace65e706c4b7beb71257d6e22d3"
  integrity sha512-nBF+F1rAZVCu/p7rjzgA+Yb4lfYXrpl7a6VmJrU8wF9I1CKvP/QwPNZHnOlwbTkY6dvtFIzFMSyQXbLoTQPRpA==
  dependencies:
    pump "^3.0.0"

hasurl@^1.0.0:
  version "1.0.0"
  resolved "https://registry.yarnpkg.com/hasurl/-/hasurl-1.0.0.tgz#e4c619097ae1e8fc906bee904ce47e94f5e1ea37"
  integrity sha512-43ypUd3DbwyCT01UYpA99AEZxZ4aKtRxWGBHEIbjcOsUghd9YUON0C+JF6isNjaiwC/UF5neaUudy6JS9jZPZQ==

inherits@^2.0.3, inherits@^2.0.4, inherits@~2.0.3:
  version "2.0.4"
  resolved "https://registry.yarnpkg.com/inherits/-/inherits-2.0.4.tgz#0fa2c64f932917c3433a0ded55363aae37416b7c"
  integrity sha512-k/vGaX4/Yla3WzyMCvTQOXYeIHvqOKtnqBduzTHpzpQZzAskKMhZ2K+EnBiSM9zGSoIFeMpXKxa4dYeZIQqewQ==

isarray@~1.0.0:
  version "1.0.0"
  resolved "https://registry.yarnpkg.com/isarray/-/isarray-1.0.0.tgz#bb935d48582cba168c06834957a54a3e07124f11"
  integrity sha1-u5NdSFgsuhaMBoNJV6VKPgcSTxE=

jsonparse@1.3.1:
  version "1.3.1"
  resolved "https://registry.yarnpkg.com/jsonparse/-/jsonparse-1.3.1.tgz#3f4dae4a91fac315f71062f8521cc239f1366280"
  integrity sha1-P02uSpH6wxX3EGL4UhzCOfE2YoA=

jsonstream2@^3.0.0:
  version "3.0.0"
  resolved "https://registry.yarnpkg.com/jsonstream2/-/jsonstream2-3.0.0.tgz#0dcaf357e672dd65cdf40a91602b202e73ece46e"
  integrity sha512-8ngq2XB8NjYrpe3+Xtl9lFJl6RoV2dNT4I7iyaHwxUpTBwsj0AlAR7epGfeYVP0z4Z7KxMoSxRgJWrd2jmBT/Q==
  dependencies:
    jsonparse "1.3.1"
    through2 "^3.0.1"
    type-component "0.0.1"

lodash.sortby@^4.7.0:
  version "4.7.0"
  resolved "https://registry.yarnpkg.com/lodash.sortby/-/lodash.sortby-4.7.0.tgz#edd14c824e2cc9c1e0b0a1b42bb5210516a42438"
  integrity sha1-7dFMgk4sycHgsKG0K7UhBRakJDg=

lodash@^4.17.15:
  version "4.17.20"
  resolved "https://registry.yarnpkg.com/lodash/-/lodash-4.17.20.tgz#b44a9b6297bcb698f1c51a3545a2b3b368d59c52"
  integrity sha512-PlhdFcillOINfeV7Ni6oF1TAEayyZBoZ8bcshTHqOYJYlrqzRK5hagpagky5o4HfCzzd1TRkXPMFq6cKk9rGmA==

n3@^1.3.5:
  version "1.8.0"
  resolved "https://registry.yarnpkg.com/n3/-/n3-1.8.0.tgz#2fe804e8944f64941deee4ca47eb5ed98390deb9"
  integrity sha512-/PEmoB3UJrG6aXGZenDHFBJtmPp2rtfB2YLzAm2dU9stInD+ztvy4fKv5fv2ggsrSlpu7BYDTsz/c6S391uuEg==
  dependencies:
    queue-microtask "^1.1.2"
    readable-stream "^3.6.0"

node-fetch@2.6.1:
  version "2.6.1"
  resolved "https://registry.yarnpkg.com/node-fetch/-/node-fetch-2.6.1.tgz#045bd323631f76ed2e2b55573394416b639a0052"
  integrity sha512-V4aYg89jEoVRxRb2fJdAg8FHvI7cEyYdVAh94HH0UIK8oJxUfkjlDQN9RbMx+bEjP7+ggMiFRprSti032Oipxw==

nodeify-fetch@^2.2.0:
  version "2.2.1"
  resolved "https://registry.yarnpkg.com/nodeify-fetch/-/nodeify-fetch-2.2.1.tgz#5e3bc3c673b0c01cfaaef01672257fb23c8d6aa9"
  integrity sha512-NAvl/0QTipKEgf9Jo179TXJ02hQ3bM0BMcn6S5aBeL51MUX46GuQW430tHWERoMpC7YLk1oBXToMyX9yDxowqQ==
  dependencies:
    concat-stream "^1.6.0"
    cross-fetch "^3.0.4"
    readable-error "^1.0.0"
    readable-stream "^3.5.0"

object-assign@^4:
  version "4.1.1"
  resolved "https://registry.yarnpkg.com/object-assign/-/object-assign-4.1.1.tgz#2109adc7965887cfc05cbbd442cac8bfbb360863"
  integrity sha1-IQmtx5ZYh8/AXLvUQsrIv7s2CGM=

once@^1.3.1, once@^1.4.0:
  version "1.4.0"
  resolved "https://registry.yarnpkg.com/once/-/once-1.4.0.tgz#583b1aa775961d4b113ac17d9c50baef9dd76bd1"
  integrity sha1-WDsap3WWHUsROsF9nFC6753Xa9E=
  dependencies:
    wrappy "1"

process-nextick-args@~2.0.0:
  version "2.0.1"
  resolved "https://registry.yarnpkg.com/process-nextick-args/-/process-nextick-args-2.0.1.tgz#7820d9b16120cc55ca9ae7792680ae7dba6d7fe2"
  integrity sha512-3ouUOpQhtgrbOa17J7+uxOTpITYWaGP7/AhoR3+A+/1e9skrzelGi/dXzEYyvbxubEF6Wn2ypscTKiKJFFn1ag==

promise-the-world@^1.0.1:
  version "1.0.1"
  resolved "https://registry.yarnpkg.com/promise-the-world/-/promise-the-world-1.0.1.tgz#63e2b7c05948e3bc12434267c8a20b4a8fab774d"
  integrity sha512-eAXctcYU0ksq9YT5LT0N3e8yvdEAp0aYuzIiaJo9CpZwga45i08MW05GMXZIow7N05d1o4EBoR5hjkb7jhzqKg==

pump@^3.0.0:
  version "3.0.0"
  resolved "https://registry.yarnpkg.com/pump/-/pump-3.0.0.tgz#b4a2116815bde2f4e1ea602354e8c75565107a64"
  integrity sha512-LwZy+p3SFs1Pytd/jYct4wpv49HiYCqd9Rlc5ZVdk0V+8Yzv6jR5Blk3TRmPL1ft69TxP0IMZGJ+WPFU2BFhww==
  dependencies:
    end-of-stream "^1.1.0"
    once "^1.3.1"

punycode@^2.1.0:
  version "2.1.1"
  resolved "https://registry.yarnpkg.com/punycode/-/punycode-2.1.1.tgz#b58b010ac40c22c5657616c8d2c2c02c7bf479ec"
  integrity sha512-XRsRjdf+j5ml+y/6GKHPZbrF/8p2Yga0JPtdqTIY2Xe5ohJPD9saDJJLPvp9+NSBprVvevdXZybnj2cv8OEd0A==

queue-microtask@^1.1.2:
  version "1.2.2"
  resolved "https://registry.yarnpkg.com/queue-microtask/-/queue-microtask-1.2.2.tgz#abf64491e6ecf0f38a6502403d4cda04f372dfd3"
  integrity sha512-dB15eXv3p2jDlbOiNLyMabYg1/sXvppd8DP2J3EOCQ0AkuSXCW2tP7mnVouVLJKgUMY6yP0kcQDVpLCN13h4Xg==

rdf-cube-view-query@^0.1.1:
  version "0.1.1"
  resolved "https://registry.yarnpkg.com/rdf-cube-view-query/-/rdf-cube-view-query-0.1.1.tgz#84d2333f2270805ade3f047b38f8d65ff312c706"
  integrity sha512-5AqDB4qPVBnXyQQC8l0V3AYfS3Hy0sYWefJQEgMAEoc5b1E7dIYRUY/M2tVhfZD7VdTEJZgbX62qUN8NMYYBcg==
  dependencies:
    "@rdfjs/namespace" "^1.1.0"
    "@rdfjs/term-map" "^1.0.0"
    "@rdfjs/term-set" "^1.0.1"
    clownface "^1.0.0"
    commander "^5.1.0"
    rdf-ext "^1.3.0"
    rdf-sparql-builder "^0.1.5"
    sparql-http-client "^2.2.2"

rdf-dataset-indexed@^0.4.0:
  version "0.4.0"
  resolved "https://registry.yarnpkg.com/rdf-dataset-indexed/-/rdf-dataset-indexed-0.4.0.tgz#a6fe4a4ac61b3be586beb57bb0cdaf1bdd8dd038"
  integrity sha512-xIZ3PGwBHh1DVax9FTq/zhJcrdJTkCgRT2xolF5ZhKj0EOFoT6wdITyfxKSmnD6YNyGyng5F5o2SR62TYask3Q==
  dependencies:
    "@rdfjs/data-model" "^1.1.1"
    readable-stream "^3.3.0"

rdf-ext@^1.3.0:
  version "1.3.0"
  resolved "https://registry.yarnpkg.com/rdf-ext/-/rdf-ext-1.3.0.tgz#4f6fe616d38305a08991b8b5dd9ed564931ae416"
  integrity sha512-bzkJpINH1uZgAeSIlE7K1nLF6Y82vGi9U9sBRuiz864pNk/31ba3dw+yLoIkcvQsPcVwnKBVLvGCR3dvD9xM+Q==
  dependencies:
    "@rdfjs/data-model" "^1.1.0"
    "@rdfjs/to-ntriples" "^1.0.1"
    rdf-dataset-indexed "^0.4.0"
    rdf-normalize "^1.0.0"

rdf-normalize@^1.0.0:
  version "1.0.0"
  resolved "https://registry.yarnpkg.com/rdf-normalize/-/rdf-normalize-1.0.0.tgz#53496baf362cce9d9fca1f2216c6c30007f99cca"
  integrity sha1-U0lrrzYszp2fyh8iFsbDAAf5nMo=

rdf-sparql-builder@^0.1.5:
  version "0.1.7"
  resolved "https://registry.yarnpkg.com/rdf-sparql-builder/-/rdf-sparql-builder-0.1.7.tgz#b40c5927795a00da8af93f8bc29ea115eaddaa4c"
  integrity sha512-GYlkYCJ7Bp/bS1gPMBGQWpEBFDUjKFEw7+nPUglnGDPxxVKnZZ2Gm+6+BBkZePOekh6IHglzc9W7OVHVfrp2Mg==
  dependencies:
    "@rdfjs/data-model" "^1.1.2"
    "@rdfjs/to-ntriples" "^1.0.2"
    lodash "^4.17.15"

rdf-transform-triple-to-quad@^1.0.2:
  version "1.0.2"
  resolved "https://registry.yarnpkg.com/rdf-transform-triple-to-quad/-/rdf-transform-triple-to-quad-1.0.2.tgz#8d3b3e7e2a2723270b08ca7b4f1777b1a6b948af"
  integrity sha512-cr8wgJcj+SvPLichNhWhUTyXHcoD1EVgajVmvbtwYbMRw479KAaW03TTviQaJAUqgcWzIzkrWLtWkrY2FgwryQ==
  dependencies:
    "@rdfjs/data-model" "^1.1.2"
    readable-stream "^3.5.0"

readable-error@^1.0.0:
  version "1.0.0"
  resolved "https://registry.yarnpkg.com/readable-error/-/readable-error-1.0.0.tgz#24a572d13168dcd92aa7a9dcce3757d0f648f271"
  integrity sha512-CLnInu5bUphmFiZ3pD/BC6+Cg4/BzK6ZMvWfd0b2QMzYo159Z/f/nVFQ9L5IeMrqUxy0EFsp3XJ+BRfLfY13IQ==
  dependencies:
    readable-stream "^2.3.3"

"readable-stream@2 || 3", readable-stream@^3.3.0, readable-stream@^3.5.0, readable-stream@^3.6.0:
  version "3.6.0"
  resolved "https://registry.yarnpkg.com/readable-stream/-/readable-stream-3.6.0.tgz#337bbda3adc0706bd3e024426a286d4b4b2c9198"
  integrity sha512-BViHy7LKeTz4oNnkcLJ+lVSL6vpiFeX6/d3oSH8zCW7UxP2onchk+vTGB143xuFjHS3deTgkKoXXymXqymiIdA==
  dependencies:
    inherits "^2.0.3"
    string_decoder "^1.1.1"
    util-deprecate "^1.0.1"

readable-stream@^2.2.2, readable-stream@^2.3.3:
  version "2.3.7"
  resolved "https://registry.yarnpkg.com/readable-stream/-/readable-stream-2.3.7.tgz#1eca1cf711aef814c04f62252a36a62f6cb23b57"
  integrity sha512-Ebho8K4jIbHAxnuxi7o42OrZgF/ZTNcsZj6nRKyUmkhLFq8CHItp/fy6hQZuZmP/n3yZ9VBUbp4zz/mX8hmYPw==
  dependencies:
    core-util-is "~1.0.0"
    inherits "~2.0.3"
    isarray "~1.0.0"
    process-nextick-args "~2.0.0"
    safe-buffer "~5.1.1"
    string_decoder "~1.1.1"
    util-deprecate "~1.0.1"

readable-to-readable@^0.1.0:
  version "0.1.3"
  resolved "https://registry.yarnpkg.com/readable-to-readable/-/readable-to-readable-0.1.3.tgz#a799d497d5af12252d1999fc9bcb37302f704a1f"
  integrity sha512-G+0kz01xJM/uTuItKcqC73cifW8S6CZ7tp77NLN87lE5mrSU+GC8geoSAlfmp0NocmXckQ7W8s8ns73HYsIA3w==
  dependencies:
    readable-stream "^3.6.0"

safe-buffer@~5.1.0, safe-buffer@~5.1.1:
  version "5.1.2"
  resolved "https://registry.yarnpkg.com/safe-buffer/-/safe-buffer-5.1.2.tgz#991ec69d296e0313747d59bdfd2b745c35f8828d"
  integrity sha512-Gd2UZBJDkXlY7GbJxfsE8/nvKkUEU1G38c1siN6QP6a9PT9MmHB8GnpscSmMJSoF8LOIrt8ud/wPtojys4G6+g==

safe-buffer@~5.2.0:
  version "5.2.1"
  resolved "https://registry.yarnpkg.com/safe-buffer/-/safe-buffer-5.2.1.tgz#1eaf9fa9bdb1fdd4ec75f58f9cdb4e6b7827eec6"
  integrity sha512-rp3So07KcdmmKbGvgaNxQSJr7bGVSVk5S9Eq1F+ppbRo70+YeaDxkw5Dd8NPN+GD6bjnYm2VuPuCXmpuYvmCXQ==

separate-stream@^1.0.0:
  version "1.0.1"
  resolved "https://registry.yarnpkg.com/separate-stream/-/separate-stream-1.0.1.tgz#21e85d7c52433df1bb0b39205807be5565ac1dcb"
  integrity sha512-UKFCzmddW2akOq40YdGehllv5gu6AD3y6nGSVuZuwI1kify2CiW7Zwsxx4ioaNLxx4LZaZMkcjdICHtSxpEpaA==
  dependencies:
    readable-stream "^3.6.0"

sparql-http-client@^2.2.2:
  version "2.2.3"
  resolved "https://registry.yarnpkg.com/sparql-http-client/-/sparql-http-client-2.2.3.tgz#223a71fcb12174ea3dbec646e99c1b9c44aeffcc"
  integrity sha512-soPeyVtURhHmk327af1sG1g563imS+dmq/pgth930xywjkQn1hspLCd1uJpV/CJyyIT/7uUvHJjeKxarsBXoAQ==
  dependencies:
    "@rdfjs/data-model" "^1.1.2"
    "@rdfjs/parser-n3" "^1.1.3"
    "@rdfjs/to-ntriples" "^1.0.2"
    get-stream "^5.1.0"
    jsonstream2 "^3.0.0"
    lodash "^4.17.15"
    nodeify-fetch "^2.2.0"
    promise-the-world "^1.0.1"
    rdf-transform-triple-to-quad "^1.0.2"
    readable-stream "^3.5.0"
    separate-stream "^1.0.0"
    universal-url "^2.0.0"

string_decoder@^1.1.1:
  version "1.3.0"
  resolved "https://registry.yarnpkg.com/string_decoder/-/string_decoder-1.3.0.tgz#42f114594a46cf1a8e30b0a84f56c78c3edac21e"
  integrity sha512-hkRX8U1WjJFd8LsDJ2yQ/wWWxaopEsABU1XfkM8A+j0+85JAGppt16cr1Whg6KIbb4okU6Mql6BOj+uup/wKeA==
  dependencies:
    safe-buffer "~5.2.0"

string_decoder@~1.1.1:
  version "1.1.1"
  resolved "https://registry.yarnpkg.com/string_decoder/-/string_decoder-1.1.1.tgz#9cf1611ba62685d7030ae9e4ba34149c3af03fc8"
  integrity sha512-n/ShnvDi6FHbbVfviro+WojiFzv+s8MPMHBczVePfUpDJLwoLT0ht1l4YwBCbi8pJAveEEdnkHyPyTP/mzRfwg==
  dependencies:
    safe-buffer "~5.1.0"

through2@^3.0.1:
  version "3.0.2"
  resolved "https://registry.yarnpkg.com/through2/-/through2-3.0.2.tgz#99f88931cfc761ec7678b41d5d7336b5b6a07bf4"
  integrity sha512-enaDQ4MUyP2W6ZyT6EsMzqBPZaM/avg8iuo+l2d3QCs0J+6RaqkHV/2/lOwDTueBHeJ/2LG9lrLW3d5rWPucuQ==
  dependencies:
    inherits "^2.0.4"
    readable-stream "2 || 3"

tr46@^1.0.1:
  version "1.0.1"
  resolved "https://registry.yarnpkg.com/tr46/-/tr46-1.0.1.tgz#a8b13fd6bfd2489519674ccde55ba3693b706d09"
  integrity sha1-qLE/1r/SSJUZZ0zN5VujaTtwbQk=
  dependencies:
    punycode "^2.1.0"

type-component@0.0.1:
  version "0.0.1"
  resolved "https://registry.yarnpkg.com/type-component/-/type-component-0.0.1.tgz#952a6c81c21efd24d13d811d0c8498cb860e1956"
  integrity sha1-lSpsgcIe/STRPYEdDISYy4YOGVY=

typedarray@^0.0.6:
  version "0.0.6"
  resolved "https://registry.yarnpkg.com/typedarray/-/typedarray-0.0.6.tgz#867ac74e3864187b1d3d47d996a78ec5c8830777"
  integrity sha1-hnrHTjhkGHsdPUfZlqeOxciDB3c=

universal-url@^2.0.0:
  version "2.0.0"
  resolved "https://registry.yarnpkg.com/universal-url/-/universal-url-2.0.0.tgz#35e7fc2c3374804905cee67ea289ed3a47669809"
  integrity sha512-3DLtXdm/G1LQMCnPj+Aw7uDoleQttNHp2g5FnNQKR6cP6taNWS1b/Ehjjx4PVyvejKi3TJyu8iBraKM4q3JQPg==
  dependencies:
    hasurl "^1.0.0"
    whatwg-url "^7.0.0"

util-deprecate@^1.0.1, util-deprecate@~1.0.1:
  version "1.0.2"
  resolved "https://registry.yarnpkg.com/util-deprecate/-/util-deprecate-1.0.2.tgz#450d4dc9fa70de732762fbd2d4a28981419a0ccf"
  integrity sha1-RQ1Nyfpw3nMnYvvS1KKJgUGaDM8=

vary@^1:
  version "1.1.2"
  resolved "https://registry.yarnpkg.com/vary/-/vary-1.1.2.tgz#2299f02c6ded30d4a5961b0b9f74524a18f634fc"
  integrity sha1-IpnwLG3tMNSllhsLn3RSShj2NPw=

webidl-conversions@^4.0.2:
  version "4.0.2"
  resolved "https://registry.yarnpkg.com/webidl-conversions/-/webidl-conversions-4.0.2.tgz#a855980b1f0b6b359ba1d5d9fb39ae941faa63ad"
  integrity sha512-YQ+BmxuTgd6UXZW3+ICGfyqRyHXVlD5GtQr5+qjiNW7bF0cqrzX500HVXPBOvgXb5YnzDd+h0zqyv61KUD7+Sg==

whatwg-url@^7.0.0:
  version "7.1.0"
  resolved "https://registry.yarnpkg.com/whatwg-url/-/whatwg-url-7.1.0.tgz#c2c492f1eca612988efd3d2266be1b9fc6170d06"
  integrity sha512-WUu7Rg1DroM7oQvGWfOiAK21n74Gg+T4elXEQYkOhtyLeWiJFoOGLXPKI/9gzIie9CtwVLm8wtw6YJdKyxSjeg==
  dependencies:
    lodash.sortby "^4.7.0"
    tr46 "^1.0.1"
    webidl-conversions "^4.0.2"

wrappy@1:
  version "1.0.2"
  resolved "https://registry.yarnpkg.com/wrappy/-/wrappy-1.0.2.tgz#b5243d8f3ec1aa35f1364605bc0d1036e30ab69f"
  integrity sha1-tSQ9jz7BqjXxNkYFvA0QNuMKtp8=
